dependencies:
- name: cert-manager
  repository: https://charts.jetstack.io
  version: v1.8.2
- name: flink-kubernetes-operator
  repository: https://downloads.apache.org/flink/flink-kubernetes-operator-1.8.0/
  version: 1.8.0
- name: strimzi-kafka-operator
  repository: oci://quay.io/strimzi-helm
  version: 0.41.0
- name: kube-prometheus-stack
  repository: https://prometheus-community.github.io/helm-charts/
  version: 58.6.0
digest: sha256:949af8388b263fc2f272d009807381611680c74b7823fe848ce2d78ac330d54d
generated: "2025-01-04T14:27:50.917223647+01:00"
