dependencies:
- name: flink-kubernetes-operator
  repository: https://downloads.apache.org/flink/flink-kubernetes-operator-1.8.0/
  version: 1.8.0
- name: strimzi-kafka-operator
  repository: oci://quay.io/strimzi-helm
  version: 0.41.0
- name: kube-prometheus-stack
  repository: https://prometheus-community.github.io/helm-charts/
  version: 58.6.0
digest: sha256:5a36ddf6d61040743f258957ff3a00108d83a4bffb562580fa03600b84139e95
generated: "2025-01-05T00:59:49.567657055+01:00"
